
Microsoft Visual Studio Solution File, Format Version 12.00
# Visual Studio Version 17
VisualStudioVersion = 17.2.32526.322
MinimumVisualStudioVersion = 10.0.40219.1
Project("{FAE04EC0-301F-11D3-BF4B-00C04F79EFBC}") = "MySite", "MySite.csproj", "{667E33C4-7722-4306-AD57-2F1D794C411E}"
EndProject
Global
	GlobalSection(SolutionConfigurationPlatforms) = preSolution
		Debug|Any CPU = Debug|Any CPU
		Release|Any CPU = Release|Any CPU
	EndGlobalSection
	GlobalSection(ProjectConfigurationPlatforms) = postSolution
		{667E33C4-7722-4306-AD57-2F1D794C411E}.Debug|Any CPU.ActiveCfg = Debug|Any CPU
		{667E33C4-7722-4306-AD57-2F1D794C411E}.Debug|Any CPU.Build.0 = Debug|Any CPU
		{667E33C4-7722-4306-AD57-2F1D794C411E}.Release|Any CPU.ActiveCfg = Release|Any CPU
		{667E33C4-7722-4306-AD57-2F1D794C411E}.Release|Any CPU.Build.0 = Release|Any CPU
	EndGlobalSection
	GlobalSection(SolutionProperties) = preSolution
		HideSolutionNode = FALSE
	EndGlobalSection
	GlobalSection(ExtensibilityGlobals) = postSolution
		SolutionGuid = {24644C4E-DD17-4700-A7E2-DB65394804FB}
	EndGlobalSection
EndGlobal
